// !$*UTF8*$!
{
	archiveVersion = 1;
	classes = {
	};
	objectVersion = 77;
	objects = {

/* Begin PBXBuildFile section */
		869821222E0D37050002F028 /* Preview Assets.xcassets in Resources */ = {isa = PBXBuildFile; fileRef = 8698210F2E0D37050002F028 /* Preview Assets.xcassets */; };
		869821232E0D37050002F028 /* Poppins-Bold.ttf in Resources */ = {isa = PBXBuildFile; fileRef = 869821162E0D37050002F028 /* Poppins-Bold.ttf */; };
		869821242E0D37050002F028 /* Poppins-Regular.ttf in Resources */ = {isa = PBXBuildFile; fileRef = 869821172E0D37050002F028 /* Poppins-Regular.ttf */; };
		869821252E0D37050002F028 /* Assets.xcassets in Resources */ = {isa = PBXBuildFile; fileRef = 8698211E2E0D37050002F028 /* Assets.xcassets */; };
		869821272E0D37050002F028 /* StakeTextExtension.swift in Sources */ = {isa = PBXBuildFile; fileRef = 869821112E0D37050002F028 /* StakeTextExtension.swift */; };
		869821282E0D37050002F028 /* StakeCustomButtons.swift in Sources */ = {isa = PBXBuildFile; fileRef = 869821142E0D37050002F028 /* StakeCustomButtons.swift */; };
		869821292E0D37050002F028 /* StakeOnboardingModel.swift in Sources */ = {isa = PBXBuildFile; fileRef = 8698211A2E0D37050002F028 /* StakeOnboardingModel.swift */; };
		8698212A2E0D37050002F028 /* StakeOnboardingView.swift in Sources */ = {isa = PBXBuildFile; fileRef = 8698211B2E0D37050002F028 /* StakeOnboardingView.swift */; };
		8698212B2E0D37050002F028 /* StakeOnboardingViewModel.swift in Sources */ = {isa = PBXBuildFile; fileRef = 8698211C2E0D37050002F028 /* StakeOnboardingViewModel.swift */; };
		8698212C2E0D37050002F028 /* StakeEquipmentApp.swift in Sources */ = {isa = PBXBuildFile; fileRef = 869821202E0D37050002F028 /* StakeEquipmentApp.swift */; };
		869821382E0D37720002F028 /* StakeHomeModel.swift in Sources */ = {isa = PBXBuildFile; fileRef = 869821342E0D37720002F028 /* StakeHomeModel.swift */; };
		869821392E0D37720002F028 /* StakeHomeView.swift in Sources */ = {isa = PBXBuildFile; fileRef = 869821352E0D37720002F028 /* StakeHomeView.swift */; };
		8698213A2E0D37720002F028 /* StakeHomeViewModel.swift in Sources */ = {isa = PBXBuildFile; fileRef = 869821362E0D37720002F028 /* StakeHomeViewModel.swift */; };
		86CE36182E0DCD02001F0B6D /* StakeSettingsModel.swift in Sources */ = {isa = PBXBuildFile; fileRef = 86CE36142E0DCD02001F0B6D /* StakeSettingsModel.swift */; };
		86CE36192E0DCD02001F0B6D /* StakeSettingsView.swift in Sources */ = {isa = PBXBuildFile; fileRef = 86CE36152E0DCD02001F0B6D /* StakeSettingsView.swift */; };
		86CE361A2E0DCD02001F0B6D /* StakeSettingsViewModel.swift in Sources */ = {isa = PBXBuildFile; fileRef = 86CE36162E0DCD02001F0B6D /* StakeSettingsViewModel.swift */; };
		86CE36262E0DDCC9001F0B6D /* StakeQuizModel.swift in Sources */ = {isa = PBXBuildFile; fileRef = 86CE36222E0DDCC9001F0B6D /* StakeQuizModel.swift */; };
		86CE36272E0DDCC9001F0B6D /* StakeQuizView.swift in Sources */ = {isa = PBXBuildFile; fileRef = 86CE36232E0DDCC9001F0B6D /* StakeQuizView.swift */; };
		86CE36282E0DDCC9001F0B6D /* StakeQuizViewModel.swift in Sources */ = {isa = PBXBuildFile; fileRef = 86CE36242E0DDCC9001F0B6D /* StakeQuizViewModel.swift */; };
		86CE36342E0DDCD7001F0B6D /* StakeTabBarModel.swift in Sources */ = {isa = PBXBuildFile; fileRef = 86CE36302E0DDCD7001F0B6D /* StakeTabBarModel.swift */; };
		86CE36352E0DDCD7001F0B6D /* StakeTabBarView.swift in Sources */ = {isa = PBXBuildFile; fileRef = 86CE36312E0DDCD7001F0B6D /* StakeTabBarView.swift */; };
		86CE36362E0DDCD7001F0B6D /* StakeTabBarViewModel.swift in Sources */ = {isa = PBXBuildFile; fileRef = 86CE36322E0DDCD7001F0B6D /* StakeTabBarViewModel.swift */; };
		86FF53442E0D6C9F00B6A80E /* StakeProgressModel.swift in Sources */ = {isa = PBXBuildFile; fileRef = 86FF53402E0D6C9F00B6A80E /* StakeProgressModel.swift */; };
		86FF53452E0D6C9F00B6A80E /* StakeProgressView.swift in Sources */ = {isa = PBXBuildFile; fileRef = 86FF53412E0D6C9F00B6A80E /* StakeProgressView.swift */; };
		86FF53462E0D6C9F00B6A80E /* StakeProgressViewModel.swift in Sources */ = {isa = PBXBuildFile; fileRef = 86FF53422E0D6C9F00B6A80E /* StakeProgressViewModel.swift */; };
		86FF53582E0D752400B6A80E /* StakeGuideModel.swift in Sources */ = {isa = PBXBuildFile; fileRef = 86FF53542E0D752400B6A80E /* StakeGuideModel.swift */; };
		86FF53592E0D752400B6A80E /* StakeGuideView.swift in Sources */ = {isa = PBXBuildFile; fileRef = 86FF53552E0D752400B6A80E /* StakeGuideView.swift */; };
		86FF535A2E0D752400B6A80E /* StakeGuideViewModel.swift in Sources */ = {isa = PBXBuildFile; fileRef = 86FF53562E0D752400B6A80E /* StakeGuideViewModel.swift */; };
/* End PBXBuildFile section */

/* Begin PBXFileReference section */
		869820E02E0D36160002F028 /* StakeEquipment.app */ = {isa = PBXFileReference; explicitFileType = wrapper.application; includeInIndex = 0; path = StakeEquipment.app; sourceTree = BUILT_PRODUCTS_DIR; };
		8698210F2E0D37050002F028 /* Preview Assets.xcassets */ = {isa = PBXFileReference; lastKnownFileType = folder.assetcatalog; path = "Preview Assets.xcassets"; sourceTree = "<group>"; };
		869821112E0D37050002F028 /* StakeTextExtension.swift */ = {isa = PBXFileReference; lastKnownFileType = sourcecode.swift; path = StakeTextExtension.swift; sourceTree = "<group>"; };
		869821142E0D37050002F028 /* StakeCustomButtons.swift */ = {isa = PBXFileReference; lastKnownFileType = sourcecode.swift; path = StakeCustomButtons.swift; sourceTree = "<group>"; };
		869821162E0D37050002F028 /* Poppins-Bold.ttf */ = {isa = PBXFileReference; lastKnownFileType = file; path = "Poppins-Bold.ttf"; sourceTree = "<group>"; };
		869821172E0D37050002F028 /* Poppins-Regular.ttf */ = {isa = PBXFileReference; lastKnownFileType = file; path = "Poppins-Regular.ttf"; sourceTree = "<group>"; };
		8698211A2E0D37050002F028 /* StakeOnboardingModel.swift */ = {isa = PBXFileReference; lastKnownFileType = sourcecode.swift; path = StakeOnboardingModel.swift; sourceTree = "<group>"; };
		8698211B2E0D37050002F028 /* StakeOnboardingView.swift */ = {isa = PBXFileReference; lastKnownFileType = sourcecode.swift; path = StakeOnboardingView.swift; sourceTree = "<group>"; };
		8698211C2E0D37050002F028 /* StakeOnboardingViewModel.swift */ = {isa = PBXFileReference; lastKnownFileType = sourcecode.swift; path = StakeOnboardingViewModel.swift; sourceTree = "<group>"; };
		8698211E2E0D37050002F028 /* Assets.xcassets */ = {isa = PBXFileReference; lastKnownFileType = folder.assetcatalog; path = Assets.xcassets; sourceTree = "<group>"; };
		8698211F2E0D37050002F028 /* Info.plist */ = {isa = PBXFileReference; lastKnownFileType = text.plist.xml; path = Info.plist; sourceTree = "<group>"; };
		869821202E0D37050002F028 /* StakeEquipmentApp.swift */ = {isa = PBXFileReference; lastKnownFileType = sourcecode.swift; path = StakeEquipmentApp.swift; sourceTree = "<group>"; };
		869821342E0D37720002F028 /* StakeHomeModel.swift */ = {isa = PBXFileReference; lastKnownFileType = sourcecode.swift; path = StakeHomeModel.swift; sourceTree = "<group>"; };
		869821352E0D37720002F028 /* StakeHomeView.swift */ = {isa = PBXFileReference; lastKnownFileType = sourcecode.swift; path = StakeHomeView.swift; sourceTree = "<group>"; };
		869821362E0D37720002F028 /* StakeHomeViewModel.swift */ = {isa = PBXFileReference; lastKnownFileType = sourcecode.swift; path = StakeHomeViewModel.swift; sourceTree = "<group>"; };
		86CE36142E0DCD02001F0B6D /* StakeSettingsModel.swift */ = {isa = PBXFileReference; lastKnownFileType = sourcecode.swift; path = StakeSettingsModel.swift; sourceTree = "<group>"; };
		86CE36152E0DCD02001F0B6D /* StakeSettingsView.swift */ = {isa = PBXFileReference; lastKnownFileType = sourcecode.swift; path = StakeSettingsView.swift; sourceTree = "<group>"; };
		86CE36162E0DCD02001F0B6D /* StakeSettingsViewModel.swift */ = {isa = PBXFileReference; lastKnownFileType = sourcecode.swift; path = StakeSettingsViewModel.swift; sourceTree = "<group>"; };
		86CE36222E0DDCC9001F0B6D /* StakeQuizModel.swift */ = {isa = PBXFileReference; lastKnownFileType = sourcecode.swift; path = StakeQuizModel.swift; sourceTree = "<group>"; };
		86CE36232E0DDCC9001F0B6D /* StakeQuizView.swift */ = {isa = PBXFileReference; lastKnownFileType = sourcecode.swift; path = StakeQuizView.swift; sourceTree = "<group>"; };
		86CE36242E0DDCC9001F0B6D /* StakeQuizViewModel.swift */ = {isa = PBXFileReference; lastKnownFileType = sourcecode.swift; path = StakeQuizViewModel.swift; sourceTree = "<group>"; };
		86CE36302E0DDCD7001F0B6D /* StakeTabBarModel.swift */ = {isa = PBXFileReference; lastKnownFileType = sourcecode.swift; path = StakeTabBarModel.swift; sourceTree = "<group>"; };
		86CE36312E0DDCD7001F0B6D /* StakeTabBarView.swift */ = {isa = PBXFileReference; lastKnownFileType = sourcecode.swift; path = StakeTabBarView.swift; sourceTree = "<group>"; };
		86CE36322E0DDCD7001F0B6D /* StakeTabBarViewModel.swift */ = {isa = PBXFileReference; lastKnownFileType = sourcecode.swift; path = StakeTabBarViewModel.swift; sourceTree = "<group>"; };
		86FF53402E0D6C9F00B6A80E /* StakeProgressModel.swift */ = {isa = PBXFileReference; lastKnownFileType = sourcecode.swift; path = StakeProgressModel.swift; sourceTree = "<group>"; };
		86FF53412E0D6C9F00B6A80E /* StakeProgressView.swift */ = {isa = PBXFileReference; lastKnownFileType = sourcecode.swift; path = StakeProgressView.swift; sourceTree = "<group>"; };
		86FF53422E0D6C9F00B6A80E /* StakeProgressViewModel.swift */ = {isa = PBXFileReference; lastKnownFileType = sourcecode.swift; path = StakeProgressViewModel.swift; sourceTree = "<group>"; };
		86FF53542E0D752400B6A80E /* StakeGuideModel.swift */ = {isa = PBXFileReference; lastKnownFileType = sourcecode.swift; path = StakeGuideModel.swift; sourceTree = "<group>"; };
		86FF53552E0D752400B6A80E /* StakeGuideView.swift */ = {isa = PBXFileReference; lastKnownFileType = sourcecode.swift; path = StakeGuideView.swift; sourceTree = "<group>"; };
		86FF53562E0D752400B6A80E /* StakeGuideViewModel.swift */ = {isa = PBXFileReference; lastKnownFileType = sourcecode.swift; path = StakeGuideViewModel.swift; sourceTree = "<group>"; };
/* End PBXFileReference section */

/* Begin PBXFrameworksBuildPhase section */
		869820DD2E0D36160002F028 /* Frameworks */ = {
			isa = PBXFrameworksBuildPhase;
			buildActionMask = 2147483647;
			files = (
			);
			runOnlyForDeploymentPostprocessing = 0;
		};
/* End PBXFrameworksBuildPhase section */

/* Begin PBXGroup section */
		869820D72E0D36160002F028 = {
			isa = PBXGroup;
			children = (
				869821212E0D37050002F028 /* StakeEquipment */,
				869820E12E0D36160002F028 /* Products */,
			);
			sourceTree = "<group>";
		};
		869820E12E0D36160002F028 /* Products */ = {
			isa = PBXGroup;
			children = (
				869820E02E0D36160002F028 /* StakeEquipment.app */,
			);
			name = Products;
			sourceTree = "<group>";
		};
		869821102E0D37050002F028 /* Preview Content */ = {
			isa = PBXGroup;
			children = (
				8698210F2E0D37050002F028 /* Preview Assets.xcassets */,
			);
			path = "Preview Content";
			sourceTree = "<group>";
		};
		869821122E0D37050002F028 /* StakeTextExtension */ = {
			isa = PBXGroup;
			children = (
				869821112E0D37050002F028 /* StakeTextExtension.swift */,
			);
			path = StakeTextExtension;
			sourceTree = "<group>";
		};
		869821132E0D37050002F028 /* StakeExtensions */ = {
			isa = PBXGroup;
			children = (
				869821122E0D37050002F028 /* StakeTextExtension */,
			);
			path = StakeExtensions;
			sourceTree = "<group>";
		};
		869821152E0D37050002F028 /* StakeCustomButtons */ = {
			isa = PBXGroup;
			children = (
				869821142E0D37050002F028 /* StakeCustomButtons.swift */,
			);
			path = StakeCustomButtons;
			sourceTree = "<group>";
		};
		869821182E0D37050002F028 /* StakeFonts */ = {
			isa = PBXGroup;
			children = (
				869821162E0D37050002F028 /* Poppins-Bold.ttf */,
				869821172E0D37050002F028 /* Poppins-Regular.ttf */,
			);
			path = StakeFonts;
			sourceTree = "<group>";
		};
		869821192E0D37050002F028 /* StakeHelpers */ = {
			isa = PBXGroup;
			children = (
				869821152E0D37050002F028 /* StakeCustomButtons */,
				869821182E0D37050002F028 /* StakeFonts */,
			);
			path = StakeHelpers;
			sourceTree = "<group>";
		};
		8698211D2E0D37050002F028 /* StakeOnboardingModule */ = {
			isa = PBXGroup;
			children = (
				8698211A2E0D37050002F028 /* StakeOnboardingModel.swift */,
				8698211B2E0D37050002F028 /* StakeOnboardingView.swift */,
				8698211C2E0D37050002F028 /* StakeOnboardingViewModel.swift */,
			);
			path = StakeOnboardingModule;
			sourceTree = "<group>";
		};
		869821212E0D37050002F028 /* StakeEquipment */ = {
			isa = PBXGroup;
			children = (
				86CE36332E0DDCD7001F0B6D /* StakeTabBarModule */,
				86CE36252E0DDCC9001F0B6D /* StakeQuizModule */,
				86CE36172E0DCD02001F0B6D /* StakeSettingsModule */,
				86FF53572E0D752400B6A80E /* StakeGuideModule */,
				86FF53432E0D6C9F00B6A80E /* StakeProgressModule */,
				869821372E0D37720002F028 /* StakeHomeModule */,
				869821132E0D37050002F028 /* StakeExtensions */,
				869821192E0D37050002F028 /* StakeHelpers */,
				8698211D2E0D37050002F028 /* StakeOnboardingModule */,
				8698211E2E0D37050002F028 /* Assets.xcassets */,
				8698211F2E0D37050002F028 /* Info.plist */,
				869821202E0D37050002F028 /* StakeEquipmentApp.swift */,
				869821102E0D37050002F028 /* Preview Content */,
			);
			path = StakeEquipment;
			sourceTree = "<group>";
		};
		869821372E0D37720002F028 /* StakeHomeModule */ = {
			isa = PBXGroup;
			children = (
				869821342E0D37720002F028 /* StakeHomeModel.swift */,
				869821352E0D37720002F028 /* StakeHomeView.swift */,
				869821362E0D37720002F028 /* StakeHomeViewModel.swift */,
			);
			path = StakeHomeModule;
			sourceTree = "<group>";
		};
		86CE36172E0DCD02001F0B6D /* StakeSettingsModule */ = {
			isa = PBXGroup;
			children = (
				86CE36142E0DCD02001F0B6D /* StakeSettingsModel.swift */,
				86CE36152E0DCD02001F0B6D /* StakeSettingsView.swift */,
				86CE36162E0DCD02001F0B6D /* StakeSettingsViewModel.swift */,
			);
			path = StakeSettingsModule;
			sourceTree = "<group>";
		};
		86CE36252E0DDCC9001F0B6D /* StakeQuizModule */ = {
			isa = PBXGroup;
			children = (
				86CE36222E0DDCC9001F0B6D /* StakeQuizModel.swift */,
				86CE36232E0DDCC9001F0B6D /* StakeQuizView.swift */,
				86CE36242E0DDCC9001F0B6D /* StakeQuizViewModel.swift */,
			);
			path = StakeQuizModule;
			sourceTree = "<group>";
		};
		86CE36332E0DDCD7001F0B6D /* StakeTabBarModule */ = {
			isa = PBXGroup;
			children = (
				86CE36302E0DDCD7001F0B6D /* StakeTabBarModel.swift */,
				86CE36312E0DDCD7001F0B6D /* StakeTabBarView.swift */,
				86CE36322E0DDCD7001F0B6D /* StakeTabBarViewModel.swift */,
			);
			path = StakeTabBarModule;
			sourceTree = "<group>";
		};
		86FF53432E0D6C9F00B6A80E /* StakeProgressModule */ = {
			isa = PBXGroup;
			children = (
				86FF53402E0D6C9F00B6A80E /* StakeProgressModel.swift */,
				86FF53412E0D6C9F00B6A80E /* StakeProgressView.swift */,
				86FF53422E0D6C9F00B6A80E /* StakeProgressViewModel.swift */,
			);
			path = StakeProgressModule;
			sourceTree = "<group>";
		};
		86FF53572E0D752400B6A80E /* StakeGuideModule */ = {
			isa = PBXGroup;
			children = (
				86FF53542E0D752400B6A80E /* StakeGuideModel.swift */,
				86FF53552E0D752400B6A80E /* StakeGuideView.swift */,
				86FF53562E0D752400B6A80E /* StakeGuideViewModel.swift */,
			);
			path = StakeGuideModule;
			sourceTree = "<group>";
		};
/* End PBXGroup section */

/* Begin PBXNativeTarget section */
		869820DF2E0D36160002F028 /* StakeEquipment */ = {
			isa = PBXNativeTarget;
			buildConfigurationList = 869820EE2E0D36170002F028 /* Build configuration list for PBXNativeTarget "StakeEquipment" */;
			buildPhases = (
				869820DC2E0D36160002F028 /* Sources */,
				869820DD2E0D36160002F028 /* Frameworks */,
				869820DE2E0D36160002F028 /* Resources */,
			);
			buildRules = (
			);
			dependencies = (
			);
			name = StakeEquipment;
			packageProductDependencies = (
			);
			productName = StakeEquipment;
			productReference = 869820E02E0D36160002F028 /* StakeEquipment.app */;
			productType = "com.apple.product-type.application";
		};
/* End PBXNativeTarget section */

/* Begin PBXProject section */
		869820D82E0D36160002F028 /* Project object */ = {
			isa = PBXProject;
			attributes = {
				BuildIndependentTargetsInParallel = 1;
				LastSwiftUpdateCheck = 1620;
				LastUpgradeCheck = 1620;
				TargetAttributes = {
					869820DF2E0D36160002F028 = {
						CreatedOnToolsVersion = 16.2;
					};
				};
			};
			buildConfigurationList = 869820DB2E0D36160002F028 /* Build configuration list for PBXProject "StakeEquipment" */;
			developmentRegion = en;
			hasScannedForEncodings = 0;
			knownRegions = (
				en,
				Base,
			);
			mainGroup = 869820D72E0D36160002F028;
			minimizedProjectReferenceProxies = 1;
			preferredProjectObjectVersion = 77;
			productRefGroup = 869820E12E0D36160002F028 /* Products */;
			projectDirPath = "";
			projectRoot = "";
			targets = (
				869820DF2E0D36160002F028 /* StakeEquipment */,
			);
		};
/* End PBXProject section */

/* Begin PBXResourcesBuildPhase section */
		869820DE2E0D36160002F028 /* Resources */ = {
			isa = PBXResourcesBuildPhase;
			buildActionMask = 2147483647;
			files = (
				869821222E0D37050002F028 /* Preview Assets.xcassets in Resources */,
				869821232E0D37050002F028 /* Poppins-Bold.ttf in Resources */,
				869821242E0D37050002F028 /* Poppins-Regular.ttf in Resources */,
				869821252E0D37050002F028 /* Assets.xcassets in Resources */,
			);
			runOnlyForDeploymentPostprocessing = 0;
		};
/* End PBXResourcesBuildPhase section */

/* Begin PBXSourcesBuildPhase section */
		869820DC2E0D36160002F028 /* Sources */ = {
			isa = PBXSourcesBuildPhase;
			buildActionMask = 2147483647;
			files = (
				869821272E0D37050002F028 /* StakeTextExtension.swift in Sources */,
				86CE36262E0DDCC9001F0B6D /* StakeQuizModel.swift in Sources */,
				86CE36272E0DDCC9001F0B6D /* StakeQuizView.swift in Sources */,
				86CE36282E0DDCC9001F0B6D /* StakeQuizViewModel.swift in Sources */,
				869821282E0D37050002F028 /* StakeCustomButtons.swift in Sources */,
				869821292E0D37050002F028 /* StakeOnboardingModel.swift in Sources */,
				86FF53442E0D6C9F00B6A80E /* StakeProgressModel.swift in Sources */,
				86FF53452E0D6C9F00B6A80E /* StakeProgressView.swift in Sources */,
				86FF53462E0D6C9F00B6A80E /* StakeProgressViewModel.swift in Sources */,
				8698212A2E0D37050002F028 /* StakeOnboardingView.swift in Sources */,
				8698212B2E0D37050002F028 /* StakeOnboardingViewModel.swift in Sources */,
				86FF53582E0D752400B6A80E /* StakeGuideModel.swift in Sources */,
				86CE36342E0DDCD7001F0B6D /* StakeTabBarModel.swift in Sources */,
				86CE36352E0DDCD7001F0B6D /* StakeTabBarView.swift in Sources */,
				86CE36362E0DDCD7001F0B6D /* StakeTabBarViewModel.swift in Sources */,
				86FF53592E0D752400B6A80E /* StakeGuideView.swift in Sources */,
				86FF535A2E0D752400B6A80E /* StakeGuideViewModel.swift in Sources */,
				8698212C2E0D37050002F028 /* StakeEquipmentApp.swift in Sources */,
				869821382E0D37720002F028 /* StakeHomeModel.swift in Sources */,
				869821392E0D37720002F028 /* StakeHomeView.swift in Sources */,
				8698213A2E0D37720002F028 /* StakeHomeViewModel.swift in Sources */,
				86CE36182E0DCD02001F0B6D /* StakeSettingsModel.swift in Sources */,
				86CE36192E0DCD02001F0B6D /* StakeSettingsView.swift in Sources */,
				86CE361A2E0DCD02001F0B6D /* StakeSettingsViewModel.swift in Sources */,
			);
			runOnlyForDeploymentPostprocessing = 0;
		};
/* End PBXSourcesBuildPhase section */

/* Begin XCBuildConfiguration section */
		869820EC2E0D36170002F028 /* Debug */ = {
			isa = XCBuildConfiguration;
			buildSettings = {
				ALWAYS_SEARCH_USER_PATHS = NO;
				ASSETCATALOG_COMPILER_GENERATE_SWIFT_ASSET_SYMBOL_EXTENSIONS = YES;
				CLANG_ANALYZER_NONNULL = YES;
				CLANG_ANALYZER_NUMBER_OBJECT_CONVERSION = YES_AGGRESSIVE;
				CLANG_CXX_LANGUAGE_STANDARD = "gnu++20";
				CLANG_ENABLE_MODULES = YES;
				CLANG_ENABLE_OBJC_ARC = YES;
				CLANG_ENABLE_OBJC_WEAK = YES;
				CLANG_WARN_BLOCK_CAPTURE_AUTORELEASING = YES;
				CLANG_WARN_BOOL_CONVERSION = YES;
				CLANG_WARN_COMMA = YES;
				CLANG_WARN_CONSTANT_CONVERSION = YES;
				CLANG_WARN_DEPRECATED_OBJC_IMPLEMENTATIONS = YES;
				CLANG_WARN_DIRECT_OBJC_ISA_USAGE = YES_ERROR;
				CLANG_WARN_DOCUMENTATION_COMMENTS = YES;
				CLANG_WARN_EMPTY_BODY = YES;
				CLANG_WARN_ENUM_CONVERSION = YES;
				CLANG_WARN_INFINITE_RECURSION = YES;
				CLANG_WARN_INT_CONVERSION = YES;
				CLANG_WARN_NON_LITERAL_NULL_CONVERSION = YES;
				CLANG_WARN_OBJC_IMPLICIT_RETAIN_SELF = YES;
				CLANG_WARN_OBJC_LITERAL_CONVERSION = YES;
				CLANG_WARN_OBJC_ROOT_CLASS = YES_ERROR;
				CLANG_WARN_QUOTED_INCLUDE_IN_FRAMEWORK_HEADER = YES;
				CLANG_WARN_RANGE_LOOP_ANALYSIS = YES;
				CLANG_WARN_STRICT_PROTOTYPES = YES;
				CLANG_WARN_SUSPICIOUS_MOVE = YES;
				CLANG_WARN_UNGUARDED_AVAILABILITY = YES_AGGRESSIVE;
				CLANG_WARN_UNREACHABLE_CODE = YES;
				CLANG_WARN__DUPLICATE_METHOD_MATCH = YES;
				COPY_PHASE_STRIP = NO;
				DEBUG_INFORMATION_FORMAT = dwarf;
				ENABLE_STRICT_OBJC_MSGSEND = YES;
				ENABLE_TESTABILITY = YES;
				ENABLE_USER_SCRIPT_SANDBOXING = YES;
				GCC_C_LANGUAGE_STANDARD = gnu17;
				GCC_DYNAMIC_NO_PIC = NO;
				GCC_NO_COMMON_BLOCKS = YES;
				GCC_OPTIMIZATION_LEVEL = 0;
				GCC_PREPROCESSOR_DEFINITIONS = (
					"DEBUG=1",
					"$(inherited)",
				);
				GCC_WARN_64_TO_32_BIT_CONVERSION = YES;
				GCC_WARN_ABOUT_RETURN_TYPE = YES_ERROR;
				GCC_WARN_UNDECLARED_SELECTOR = YES;
				GCC_WARN_UNINITIALIZED_AUTOS = YES_AGGRESSIVE;
				GCC_WARN_UNUSED_FUNCTION = YES;
				GCC_WARN_UNUSED_VARIABLE = YES;
				IPHONEOS_DEPLOYMENT_TARGET = 18.2;
				LOCALIZATION_PREFERS_STRING_CATALOGS = YES;
				MTL_ENABLE_DEBUG_INFO = INCLUDE_SOURCE;
				MTL_FAST_MATH = YES;
				ONLY_ACTIVE_ARCH = YES;
				SDKROOT = iphoneos;
				SWIFT_ACTIVE_COMPILATION_CONDITIONS = "DEBUG $(inherited)";
				SWIFT_OPTIMIZATION_LEVEL = "-Onone";
			};
			name = Debug;
		};
		869820ED2E0D36170002F028 /* Release */ = {
			isa = XCBuildConfiguration;
			buildSettings = {
				ALWAYS_SEARCH_USER_PATHS = NO;
				ASSETCATALOG_COMPILER_GENERATE_SWIFT_ASSET_SYMBOL_EXTENSIONS = YES;
				CLANG_ANALYZER_NONNULL = YES;
				CLANG_ANALYZER_NUMBER_OBJECT_CONVERSION = YES_AGGRESSIVE;
				CLANG_CXX_LANGUAGE_STANDARD = "gnu++20";
				CLANG_ENABLE_MODULES = YES;
				CLANG_ENABLE_OBJC_ARC = YES;
				CLANG_ENABLE_OBJC_WEAK = YES;
				CLANG_WARN_BLOCK_CAPTURE_AUTORELEASING = YES;
				CLANG_WARN_BOOL_CONVERSION = YES;
				CLANG_WARN_COMMA = YES;
				CLANG_WARN_CONSTANT_CONVERSION = YES;
				CLANG_WARN_DEPRECATED_OBJC_IMPLEMENTATIONS = YES;
				CLANG_WARN_DIRECT_OBJC_ISA_USAGE = YES_ERROR;
				CLANG_WARN_DOCUMENTATION_COMMENTS = YES;
				CLANG_WARN_EMPTY_BODY = YES;
				CLANG_WARN_ENUM_CONVERSION = YES;
				CLANG_WARN_INFINITE_RECURSION = YES;
				CLANG_WARN_INT_CONVERSION = YES;
				CLANG_WARN_NON_LITERAL_NULL_CONVERSION = YES;
				CLANG_WARN_OBJC_IMPLICIT_RETAIN_SELF = YES;
				CLANG_WARN_OBJC_LITERAL_CONVERSION = YES;
				CLANG_WARN_OBJC_ROOT_CLASS = YES_ERROR;
				CLANG_WARN_QUOTED_INCLUDE_IN_FRAMEWORK_HEADER = YES;
				CLANG_WARN_RANGE_LOOP_ANALYSIS = YES;
				CLANG_WARN_STRICT_PROTOTYPES = YES;
				CLANG_WARN_SUSPICIOUS_MOVE = YES;
				CLANG_WARN_UNGUARDED_AVAILABILITY = YES_AGGRESSIVE;
				CLANG_WARN_UNREACHABLE_CODE = YES;
				CLANG_WARN__DUPLICATE_METHOD_MATCH = YES;
				COPY_PHASE_STRIP = NO;
				DEBUG_INFORMATION_FORMAT = "dwarf-with-dsym";
				ENABLE_NS_ASSERTIONS = NO;
				ENABLE_STRICT_OBJC_MSGSEND = YES;
				ENABLE_USER_SCRIPT_SANDBOXING = YES;
				GCC_C_LANGUAGE_STANDARD = gnu17;
				GCC_NO_COMMON_BLOCKS = YES;
				GCC_WARN_64_TO_32_BIT_CONVERSION = YES;
				GCC_WARN_ABOUT_RETURN_TYPE = YES_ERROR;
				GCC_WARN_UNDECLARED_SELECTOR = YES;
				GCC_WARN_UNINITIALIZED_AUTOS = YES_AGGRESSIVE;
				GCC_WARN_UNUSED_FUNCTION = YES;
				GCC_WARN_UNUSED_VARIABLE = YES;
				IPHONEOS_DEPLOYMENT_TARGET = 18.2;
				LOCALIZATION_PREFERS_STRING_CATALOGS = YES;
				MTL_ENABLE_DEBUG_INFO = NO;
				MTL_FAST_MATH = YES;
				SDKROOT = iphoneos;
				SWIFT_COMPILATION_MODE = wholemodule;
				VALIDATE_PRODUCT = YES;
			};
			name = Release;
		};
		869820EF2E0D36170002F028 /* Debug */ = {
			isa = XCBuildConfiguration;
			buildSettings = {
				ASSETCATALOG_COMPILER_APPICON_NAME = AppIcon;
				ASSETCATALOG_COMPILER_GLOBAL_ACCENT_COLOR_NAME = AccentColor;
				CODE_SIGN_STYLE = Automatic;
				CURRENT_PROJECT_VERSION = 1;
				DEVELOPMENT_ASSET_PATHS = "\"StakeEquipment/Preview Content\"";
				DEVELOPMENT_TEAM = 59WWFG63NN;
				ENABLE_PREVIEWS = YES;
				GENERATE_INFOPLIST_FILE = YES;
				INFOPLIST_FILE = StakeEquipment/Info.plist;
				INFOPLIST_KEY_UIApplicationSceneManifest_Generation = YES;
				INFOPLIST_KEY_UIApplicationSupportsIndirectInputEvents = YES;
				INFOPLIST_KEY_UILaunchScreen_Generation = YES;
				INFOPLIST_KEY_UIRequiresFullScreen = YES;
				INFOPLIST_KEY_UISupportedInterfaceOrientations = UIInterfaceOrientationPortrait;
				IPHONEOS_DEPLOYMENT_TARGET = 16.0;
				LD_RUNPATH_SEARCH_PATHS = (
					"$(inherited)",
					"@executable_path/Frameworks",
				);
				MARKETING_VERSION = 1.0;
				PRODUCT_BUNDLE_IDENTIFIER = com.keshevv.StakeEquipment;
				PRODUCT_NAME = "$(TARGET_NAME)";
				SUPPORTED_PLATFORMS = "iphoneos iphonesimulator";
				SUPPORTS_MACCATALYST = NO;
				SUPPORTS_MAC_DESIGNED_FOR_IPHONE_IPAD = NO;
				SUPPORTS_XR_DESIGNED_FOR_IPHONE_IPAD = NO;
				SWIFT_EMIT_LOC_STRINGS = YES;
				SWIFT_VERSION = 5.0;
				TARGETED_DEVICE_FAMILY = "1,2";
			};
			name = Debug;
		};
		869820F02E0D36170002F028 /* Release */ = {
			isa = XCBuildConfiguration;
			buildSettings = {
				ASSETCATALOG_COMPILER_APPICON_NAME = AppIcon;
				ASSETCATALOG_COMPILER_GLOBAL_ACCENT_COLOR_NAME = AccentColor;
				CODE_SIGN_STYLE = Automatic;
				CURRENT_PROJECT_VERSION = 1;
				DEVELOPMENT_ASSET_PATHS = "\"StakeEquipment/Preview Content\"";
				DEVELOPMENT_TEAM = 59WWFG63NN;
				ENABLE_PREVIEWS = YES;
				GENERATE_INFOPLIST_FILE = YES;
				INFOPLIST_FILE = StakeEquipment/Info.plist;
				INFOPLIST_KEY_UIApplicationSceneManifest_Generation = YES;
				INFOPLIST_KEY_UIApplicationSupportsIndirectInputEvents = YES;
				INFOPLIST_KEY_UILaunchScreen_Generation = YES;
				INFOPLIST_KEY_UIRequiresFullScreen = YES;
				INFOPLIST_KEY_UISupportedInterfaceOrientations = UIInterfaceOrientationPortrait;
				IPHONEOS_DEPLOYMENT_TARGET = 16.0;
				LD_RUNPATH_SEARCH_PATHS = (
					"$(inherited)",
					"@executable_path/Frameworks",
				);
				MARKETING_VERSION = 1.0;
				PRODUCT_BUNDLE_IDENTIFIER = com.keshevv.StakeEquipment;
				PRODUCT_NAME = "$(TARGET_NAME)";
				SUPPORTED_PLATFORMS = "iphoneos iphonesimulator";
				SUPPORTS_MACCATALYST = NO;
				SUPPORTS_MAC_DESIGNED_FOR_IPHONE_IPAD = NO;
				SUPPORTS_XR_DESIGNED_FOR_IPHONE_IPAD = NO;
				SWIFT_EMIT_LOC_STRINGS = YES;
				SWIFT_VERSION = 5.0;
				TARGETED_DEVICE_FAMILY = "1,2";
			};
			name = Release;
		};
/* End XCBuildConfiguration section */

/* Begin XCConfigurationList section */
		869820DB2E0D36160002F028 /* Build configuration list for PBXProject "StakeEquipment" */ = {
			isa = XCConfigurationList;
			buildConfigurations = (
				869820EC2E0D36170002F028 /* Debug */,
				869820ED2E0D36170002F028 /* Release */,
			);
			defaultConfigurationIsVisible = 0;
			defaultConfigurationName = Release;
		};
		869820EE2E0D36170002F028 /* Build configuration list for PBXNativeTarget "StakeEquipment" */ = {
			isa = XCConfigurationList;
			buildConfigurations = (
				869820EF2E0D36170002F028 /* Debug */,
				869820F02E0D36170002F028 /* Release */,
			);
			defaultConfigurationIsVisible = 0;
			defaultConfigurationName = Release;
		};
/* End XCConfigurationList section */
	};
	rootObject = 869820D82E0D36160002F028 /* Project object */;
}
